
Microsoft Visual Studio Solution File, Format Version 12.00
# Visual Studio Version 17
VisualStudioVersion = 17.13.35825.156
MinimumVisualStudioVersion = 10.0.40219.1
Project("{FAE04EC0-301F-11D3-BF4B-00C04F79EFBC}") = "BTG.Api", "BTG.Api\BTG.Api.csproj", "{DEE78E1F-5363-452E-B0CE-443C612188A4}"
EndProject
Project("{FAE04EC0-301F-11D3-BF4B-00C04F79EFBC}") = "BTG.Aplicacao", "BTG.Aplicacao\BTG.Aplicacao.csproj", "{5DC98554-754D-4F2A-8951-9B80E9F27945}"
EndProject
Project("{FAE04EC0-301F-11D3-BF4B-00C04F79EFBC}") = "BTG.Dominio", "BTG.Dominio\BTG.Dominio.csproj", "{076BEE5F-326C-4886-85EF-7EE497B0A4B2}"
EndProject
Project("{FAE04EC0-301F-11D3-BF4B-00C04F79EFBC}") = "BTG.Infra", "BTG.Infra\BTG.Infra.csproj", "{BBFD6747-7AFE-4F56-B016-B45A44864892}"
EndProject
Global
	GlobalSection(SolutionConfigurationPlatforms) = preSolution
		Debug|Any CPU = Debug|Any CPU
		Release|Any CPU = Release|Any CPU
	EndGlobalSection
	GlobalSection(ProjectConfigurationPlatforms) = postSolution
		{DEE78E1F-5363-452E-B0CE-443C612188A4}.Debug|Any CPU.ActiveCfg = Debug|Any CPU
		{DEE78E1F-5363-452E-B0CE-443C612188A4}.Debug|Any CPU.Build.0 = Debug|Any CPU
		{DEE78E1F-5363-452E-B0CE-443C612188A4}.Release|Any CPU.ActiveCfg = Release|Any CPU
		{DEE78E1F-5363-452E-B0CE-443C612188A4}.Release|Any CPU.Build.0 = Release|Any CPU
		{5DC98554-754D-4F2A-8951-9B80E9F27945}.Debug|Any CPU.ActiveCfg = Debug|Any CPU
		{5DC98554-754D-4F2A-8951-9B80E9F27945}.Debug|Any CPU.Build.0 = Debug|Any CPU
		{5DC98554-754D-4F2A-8951-9B80E9F27945}.Release|Any CPU.ActiveCfg = Release|Any CPU
		{5DC98554-754D-4F2A-8951-9B80E9F27945}.Release|Any CPU.Build.0 = Release|Any CPU
		{076BEE5F-326C-4886-85EF-7EE497B0A4B2}.Debug|Any CPU.ActiveCfg = Debug|Any CPU
		{076BEE5F-326C-4886-85EF-7EE497B0A4B2}.Debug|Any CPU.Build.0 = Debug|Any CPU
		{076BEE5F-326C-4886-85EF-7EE497B0A4B2}.Release|Any CPU.ActiveCfg = Release|Any CPU
		{076BEE5F-326C-4886-85EF-7EE497B0A4B2}.Release|Any CPU.Build.0 = Release|Any CPU
		{BBFD6747-7AFE-4F56-B016-B45A44864892}.Debug|Any CPU.ActiveCfg = Debug|Any CPU
		{BBFD6747-7AFE-4F56-B016-B45A44864892}.Debug|Any CPU.Build.0 = Debug|Any CPU
		{BBFD6747-7AFE-4F56-B016-B45A44864892}.Release|Any CPU.ActiveCfg = Release|Any CPU
		{BBFD6747-7AFE-4F56-B016-B45A44864892}.Release|Any CPU.Build.0 = Release|Any CPU
	EndGlobalSection
	GlobalSection(SolutionProperties) = preSolution
		HideSolutionNode = FALSE
	EndGlobalSection
	GlobalSection(ExtensibilityGlobals) = postSolution
		SolutionGuid = {B4C76C1D-A720-432A-A0C2-5BC1C446A936}
	EndGlobalSection
EndGlobal
